PODS:
  - boost-for-react-native (1.63.0)
  - DoubleConversion (1.1.6)
  - FLAnimatedImage (1.0.12)
  - Folly (2018.10.22.00):
    - boost-for-react-native
    - DoubleConversion
    - glog
  - glog (0.3.5)
  - GoogleSignIn (4.4.0):
    - "GoogleToolboxForMac/NSDictionary+URLArguments (~> 2.1)"
    - "GoogleToolboxForMac/NSString+URLArguments (~> 2.1)"
    - GTMSessionFetcher/Core (~> 1.1)
  - GoogleToolboxForMac/DebugUtils (2.2.0):
    - GoogleToolboxForMac/Defines (= 2.2.0)
  - GoogleToolboxForMac/Defines (2.2.0)
  - "GoogleToolboxForMac/NSDictionary+URLArguments (2.2.0)":
    - GoogleToolboxForMac/DebugUtils (= 2.2.0)
    - GoogleToolboxForMac/Defines (= 2.2.0)
    - "GoogleToolboxForMac/NSString+URLArguments (= 2.2.0)"
  - "GoogleToolboxForMac/NSString+URLArguments (2.2.0)"
  - GTMSessionFetcher/Core (1.2.1)
  - libwebp (0.6.1):
    - libwebp/core (= 0.6.1)
    - libwebp/dec (= 0.6.1)
    - libwebp/demux (= 0.6.1)
    - libwebp/dsp (= 0.6.1)
    - libwebp/enc (= 0.6.1)
    - libwebp/mux (= 0.6.1)
    - libwebp/utils (= 0.6.1)
    - libwebp/webp (= 0.6.1)
  - libwebp/core (0.6.1):
    - libwebp/webp
  - libwebp/dec (0.6.1):
    - libwebp/core
  - libwebp/demux (0.6.1):
    - libwebp/core
  - libwebp/dsp (0.6.1):
    - libwebp/core
  - libwebp/enc (0.6.1):
    - libwebp/core
  - libwebp/mux (0.6.1):
    - libwebp/core
  - libwebp/utils (0.6.1):
    - libwebp/core
  - libwebp/webp (0.6.1)
  - ObjectiveDropboxOfficial (3.9.4)
  - React (0.58.5):
    - React/Core (= 0.58.5)
  - react-native-background-timer (2.1.1):
    - React
  - react-native-calendar-events (1.6.4):
    - React
  - react-native-fast-image (5.2.0):
    - FLAnimatedImage
    - React
    - SDWebImage/Core
    - SDWebImage/GIF
    - SDWebImage/WebP
  - react-native-keep-awake (4.0.0):
    - React
  - react-native-webrtc (1.69.0):
    - React
  - React/Core (0.58.5):
    - yoga (= 0.58.5.React)
  - React/CxxBridge (0.58.5):
    - Folly (= 2018.10.22.00)
    - React/Core
    - React/cxxreact
    - React/jsiexecutor
  - React/cxxreact (0.58.5):
    - boost-for-react-native (= 1.63.0)
    - Folly (= 2018.10.22.00)
    - React/jsinspector
  - React/DevSupport (0.58.5):
    - React/Core
    - React/RCTWebSocket
  - React/fishhook (0.58.5)
  - React/jsi (0.58.5):
    - Folly (= 2018.10.22.00)
  - React/jsiexecutor (0.58.5):
    - Folly (= 2018.10.22.00)
    - React/cxxreact
    - React/jsi
  - React/jsinspector (0.58.5)
  - React/RCTActionSheet (0.58.5):
    - React/Core
  - React/RCTAnimation (0.58.5):
    - React/Core
  - React/RCTBlob (0.58.5):
    - React/Core
  - React/RCTImage (0.58.5):
    - React/Core
    - React/RCTNetwork
  - React/RCTLinkingIOS (0.58.5):
    - React/Core
  - React/RCTNetwork (0.58.5):
    - React/Core
  - React/RCTText (0.58.5):
    - React/Core
  - React/RCTWebSocket (0.58.5):
    - React/Core
    - React/fishhook
    - React/RCTBlob
  - RNGoogleSignin (1.0.2):
    - GoogleSignIn
    - React
  - RNSound (0.10.9):
    - React/Core
    - RNSound/Core (= 0.10.9)
  - RNSound/Core (0.10.9):
    - React/Core
  - RNVectorIcons (6.0.2):
    - React
  - SDWebImage/Core (4.4.5)
  - SDWebImage/GIF (4.4.5):
    - FLAnimatedImage (~> 1.0)
    - SDWebImage/Core
  - SDWebImage/WebP (4.4.5):
    - libwebp (~> 0.5)
    - SDWebImage/Core
  - yoga (0.58.5.React)

DEPENDENCIES:
  - DoubleConversion (from `../node_modules/react-native/third-party-podspecs/DoubleConversion.podspec`)
  - Folly (from `../node_modules/react-native/third-party-podspecs/Folly.podspec`)
  - glog (from `../node_modules/react-native/third-party-podspecs/glog.podspec`)
  - ObjectiveDropboxOfficial
  - react-native-background-timer (from `../node_modules/react-native-background-timer`)
  - react-native-calendar-events (from `../node_modules/react-native-calendar-events`)
  - react-native-fast-image (from `../node_modules/react-native-fast-image`)
  - react-native-keep-awake (from `../node_modules/react-native-keep-awake`)
  - react-native-webrtc (from `../node_modules/react-native-webrtc`)
  - React/Core (from `../node_modules/react-native`)
  - React/CxxBridge (from `../node_modules/react-native`)
  - React/DevSupport (from `../node_modules/react-native`)
  - React/RCTActionSheet (from `../node_modules/react-native`)
  - React/RCTAnimation (from `../node_modules/react-native`)
  - React/RCTImage (from `../node_modules/react-native`)
  - React/RCTLinkingIOS (from `../node_modules/react-native`)
  - React/RCTNetwork (from `../node_modules/react-native`)
  - React/RCTText (from `../node_modules/react-native`)
  - React/RCTWebSocket (from `../node_modules/react-native`)
  - RNGoogleSignin (from `../node_modules/react-native-google-signin`)
  - RNSound (from `../node_modules/react-native-sound`)
  - RNVectorIcons (from `../node_modules/react-native-vector-icons`)
  - yoga (from `../node_modules/react-native/ReactCommon/yoga`)

SPEC REPOS:
  https://github.com/cocoapods/specs.git:
    - boost-for-react-native
    - FLAnimatedImage
    - GoogleSignIn
    - GoogleToolboxForMac
    - GTMSessionFetcher
    - libwebp
    - ObjectiveDropboxOfficial
    - SDWebImage

EXTERNAL SOURCES:
  DoubleConversion:
    :podspec: "../node_modules/react-native/third-party-podspecs/DoubleConversion.podspec"
  Folly:
    :podspec: "../node_modules/react-native/third-party-podspecs/Folly.podspec"
  glog:
    :podspec: "../node_modules/react-native/third-party-podspecs/glog.podspec"
  React:
    :path: "../node_modules/react-native"
  react-native-background-timer:
    :path: "../node_modules/react-native-background-timer"
  react-native-calendar-events:
    :path: "../node_modules/react-native-calendar-events"
  react-native-fast-image:
    :path: "../node_modules/react-native-fast-image"
  react-native-keep-awake:
    :path: "../node_modules/react-native-keep-awake"
  react-native-webrtc:
    :path: "../node_modules/react-native-webrtc"
  RNGoogleSignin:
    :path: "../node_modules/react-native-google-signin"
  RNSound:
    :path: "../node_modules/react-native-sound"
  RNVectorIcons:
    :path: "../node_modules/react-native-vector-icons"
  yoga:
    :path: "../node_modules/react-native/ReactCommon/yoga"

SPEC CHECKSUMS:
  boost-for-react-native: 39c7adb57c4e60d6c5479dd8623128eb5b3f0f2c
  DoubleConversion: bb338842f62ab1d708ceb63ec3d999f0f3d98ecd
  FLAnimatedImage: 4a0b56255d9b05f18b6dd7ee06871be5d3b89e31
  Folly: de497beb10f102453a1afa9edbf8cf8a251890de
  glog: aefd1eb5dda2ab95ba0938556f34b98e2da3a60d
  GoogleSignIn: 7ff245e1a7b26d379099d3243a562f5747e23d39
  GoogleToolboxForMac: ff31605b7d66400dcec09bed5861689aebadda4d
  GTMSessionFetcher: 32aeca0aa144acea523e1c8e053089dec2cb98ca
  libwebp: 0f01098c6c17175391af621b2f14150f3ca16e16
  ObjectiveDropboxOfficial: a5afefc83f6467c42c45f2253f583f2ad1ffc701
  React: 16c4fb7ce3fc30c041bce809ceae33bf57e7c142
  react-native-background-timer: bb7a98c8e97fc7c290de2d423dd09ddb73dcbcbb
  react-native-calendar-events: fe6fbc8ed337a7423c98f2c9012b25f20444de09
  react-native-fast-image: 4170ad074e9de6c428fc4580ecbaacabf74901a6
  react-native-keep-awake: 0de4bd66de0c23178107dce0c2fcc3354b2a8e94
  react-native-webrtc: 31b6d3f1e3e2ce373aa43fd682b04367250f807d
  RNGoogleSignin: 8b08beabff7f3b1373b2821b0944b38de36ba95e
  RNSound: b360b3862d3118ed1c74bb9825696b5957686ac4
  RNVectorIcons: 8c52e1e8da1153613fdef44748e865c25556cb9c
  SDWebImage: ecc03494e973b93b80213649d32175f8d2d17d4d
  yoga: 0885622311729a02c2bc02dca97167787a51488b

PODFILE CHECKSUM: 2fa79bc1fe2fe42efb63895fdb0cb84d5f578884

COCOAPODS: 1.5.3
